// !$*UTF8*$!
{
	archiveVersion = 1;
	classes = {
	};
	objectVersion = 51;
	objects = {

/* Begin PBXBuildFile section */
		25AC4B70A3002E0ABF7CF0AC /* Pods_QuestrFrogogo.framework in Frameworks */ = {isa = PBXBuildFile; fileRef = EDFB43B47E4144A98EC64855 /* Pods_QuestrFrogogo.framework */; };
		6676B4DF23597E7C00DCA59A /* AppDelegate.swift in Sources */ = {isa = PBXBuildFile; fileRef = 6676B4DE23597E7C00DCA59A /* AppDelegate.swift */; };
		6676B4E323597E7C00DCA59A /* UsersViewController.swift in Sources */ = {isa = PBXBuildFile; fileRef = 6676B4E223597E7C00DCA59A /* UsersViewController.swift */; };
		6676B4E623597E7C00DCA59A /* Main.storyboard in Resources */ = {isa = PBXBuildFile; fileRef = 6676B4E423597E7C00DCA59A /* Main.storyboard */; };
		6676B4E823597E7E00DCA59A /* Assets.xcassets in Resources */ = {isa = PBXBuildFile; fileRef = 6676B4E723597E7E00DCA59A /* Assets.xcassets */; };
		6676B4EB23597E7E00DCA59A /* LaunchScreen.storyboard in Resources */ = {isa = PBXBuildFile; fileRef = 6676B4E923597E7E00DCA59A /* LaunchScreen.storyboard */; };
		6676B4F4235982C200DCA59A /* User.swift in Sources */ = {isa = PBXBuildFile; fileRef = 6676B4F3235982C200DCA59A /* User.swift */; };
		6676B4F62359832F00DCA59A /* HTTPManager.swift in Sources */ = {isa = PBXBuildFile; fileRef = 6676B4F52359832F00DCA59A /* HTTPManager.swift */; };
		6676B4FA2359844900DCA59A /* ApiError.swift in Sources */ = {isa = PBXBuildFile; fileRef = 6676B4F92359844900DCA59A /* ApiError.swift */; };
		6676B4FC235986DC00DCA59A /* ModelUsersViewController.swift in Sources */ = {isa = PBXBuildFile; fileRef = 6676B4FB235986DC00DCA59A /* ModelUsersViewController.swift */; };
		6676B50023598AF000DCA59A /* UserTableViewCell.swift in Sources */ = {isa = PBXBuildFile; fileRef = 6676B4FF23598AF000DCA59A /* UserTableViewCell.swift */; };
		6676B5032359A28500DCA59A /* UserViewController.swift in Sources */ = {isa = PBXBuildFile; fileRef = 6676B5022359A28500DCA59A /* UserViewController.swift */; };
		6676B5052359A29900DCA59A /* ModelUserViewController.swift in Sources */ = {isa = PBXBuildFile; fileRef = 6676B5042359A29900DCA59A /* ModelUserViewController.swift */; };
		66EC5ACE2359B22D007D251B /* Alert.swift in Sources */ = {isa = PBXBuildFile; fileRef = 66EC5ACD2359B22D007D251B /* Alert.swift */; };
/* End PBXBuildFile section */

/* Begin PBXFileReference section */
		6676B4DB23597E7C00DCA59A /* QuestrFrogogo.app */ = {isa = PBXFileReference; explicitFileType = wrapper.application; includeInIndex = 0; path = QuestrFrogogo.app; sourceTree = BUILT_PRODUCTS_DIR; };
		6676B4DE23597E7C00DCA59A /* AppDelegate.swift */ = {isa = PBXFileReference; lastKnownFileType = sourcecode.swift; path = AppDelegate.swift; sourceTree = "<group>"; };
		6676B4E223597E7C00DCA59A /* UsersViewController.swift */ = {isa = PBXFileReference; lastKnownFileType = sourcecode.swift; path = UsersViewController.swift; sourceTree = "<group>"; };
		6676B4E523597E7C00DCA59A /* Base */ = {isa = PBXFileReference; lastKnownFileType = file.storyboard; name = Base; path = Base.lproj/Main.storyboard; sourceTree = "<group>"; };
		6676B4E723597E7E00DCA59A /* Assets.xcassets */ = {isa = PBXFileReference; lastKnownFileType = folder.assetcatalog; path = Assets.xcassets; sourceTree = "<group>"; };
		6676B4EA23597E7E00DCA59A /* Base */ = {isa = PBXFileReference; lastKnownFileType = file.storyboard; name = Base; path = Base.lproj/LaunchScreen.storyboard; sourceTree = "<group>"; };
		6676B4EC23597E7E00DCA59A /* Info.plist */ = {isa = PBXFileReference; lastKnownFileType = text.plist.xml; path = Info.plist; sourceTree = "<group>"; };
		6676B4F3235982C200DCA59A /* User.swift */ = {isa = PBXFileReference; lastKnownFileType = sourcecode.swift; path = User.swift; sourceTree = "<group>"; };
		6676B4F52359832F00DCA59A /* HTTPManager.swift */ = {isa = PBXFileReference; lastKnownFileType = sourcecode.swift; path = HTTPManager.swift; sourceTree = "<group>"; };
		6676B4F92359844900DCA59A /* ApiError.swift */ = {isa = PBXFileReference; lastKnownFileType = sourcecode.swift; path = ApiError.swift; sourceTree = "<group>"; };
		6676B4FB235986DC00DCA59A /* ModelUsersViewController.swift */ = {isa = PBXFileReference; lastKnownFileType = sourcecode.swift; path = ModelUsersViewController.swift; sourceTree = "<group>"; };
		6676B4FF23598AF000DCA59A /* UserTableViewCell.swift */ = {isa = PBXFileReference; lastKnownFileType = sourcecode.swift; path = UserTableViewCell.swift; sourceTree = "<group>"; };
		6676B5022359A28500DCA59A /* UserViewController.swift */ = {isa = PBXFileReference; lastKnownFileType = sourcecode.swift; path = UserViewController.swift; sourceTree = "<group>"; };
		6676B5042359A29900DCA59A /* ModelUserViewController.swift */ = {isa = PBXFileReference; lastKnownFileType = sourcecode.swift; path = ModelUserViewController.swift; sourceTree = "<group>"; };
		66EC5ACD2359B22D007D251B /* Alert.swift */ = {isa = PBXFileReference; lastKnownFileType = sourcecode.swift; path = Alert.swift; sourceTree = "<group>"; };
		6A6E5836F3117108F295E097 /* Pods-QuestrFrogogo.release.xcconfig */ = {isa = PBXFileReference; includeInIndex = 1; lastKnownFileType = text.xcconfig; name = "Pods-QuestrFrogogo.release.xcconfig"; path = "Target Support Files/Pods-QuestrFrogogo/Pods-QuestrFrogogo.release.xcconfig"; sourceTree = "<group>"; };
		C805178D6A36B0A0F2EBCC67 /* Pods-QuestrFrogogo.debug.xcconfig */ = {isa = PBXFileReference; includeInIndex = 1; lastKnownFileType = text.xcconfig; name = "Pods-QuestrFrogogo.debug.xcconfig"; path = "Target Support Files/Pods-QuestrFrogogo/Pods-QuestrFrogogo.debug.xcconfig"; sourceTree = "<group>"; };
		EDFB43B47E4144A98EC64855 /* Pods_QuestrFrogogo.framework */ = {isa = PBXFileReference; explicitFileType = wrapper.framework; includeInIndex = 0; path = Pods_QuestrFrogogo.framework; sourceTree = BUILT_PRODUCTS_DIR; };
/* End PBXFileReference section */

/* Begin PBXFrameworksBuildPhase section */
		6676B4D823597E7C00DCA59A /* Frameworks */ = {
			isa = PBXFrameworksBuildPhase;
			buildActionMask = 2147483647;
			files = (
				25AC4B70A3002E0ABF7CF0AC /* Pods_QuestrFrogogo.framework in Frameworks */,
			);
			runOnlyForDeploymentPostprocessing = 0;
		};
/* End PBXFrameworksBuildPhase section */

/* Begin PBXGroup section */
		2AF4A3B0EA60F2C3208B9C98 /* Frameworks */ = {
			isa = PBXGroup;
			children = (
				EDFB43B47E4144A98EC64855 /* Pods_QuestrFrogogo.framework */,
			);
			name = Frameworks;
			sourceTree = "<group>";
		};
		6676B4D223597E7C00DCA59A = {
			isa = PBXGroup;
			children = (
				6676B4DD23597E7C00DCA59A /* QuestrFrogogo */,
				6676B4DC23597E7C00DCA59A /* Products */,
				DF6750D00BB77C60810B3910 /* Pods */,
				2AF4A3B0EA60F2C3208B9C98 /* Frameworks */,
			);
			sourceTree = "<group>";
		};
		6676B4DC23597E7C00DCA59A /* Products */ = {
			isa = PBXGroup;
			children = (
				6676B4DB23597E7C00DCA59A /* QuestrFrogogo.app */,
			);
			name = Products;
			sourceTree = "<group>";
		};
		6676B4DD23597E7C00DCA59A /* QuestrFrogogo */ = {
			isa = PBXGroup;
			children = (
				6676B4DE23597E7C00DCA59A /* AppDelegate.swift */,
				6676B4F2235982B400DCA59A /* models */,
				6676B4FD235987B300DCA59A /* Network */,
				6676B4FE235987BB00DCA59A /* Users screen */,
				6676B5012359A24B00DCA59A /* User screen */,
				66EC5ACF2359B233007D251B /* extensions */,
				6676B4E423597E7C00DCA59A /* Main.storyboard */,
				6676B4E723597E7E00DCA59A /* Assets.xcassets */,
				6676B4E923597E7E00DCA59A /* LaunchScreen.storyboard */,
				6676B4EC23597E7E00DCA59A /* Info.plist */,
			);
			path = QuestrFrogogo;
			sourceTree = "<group>";
		};
		6676B4F2235982B400DCA59A /* models */ = {
			isa = PBXGroup;
			children = (
				6676B4F3235982C200DCA59A /* User.swift */,
				6676B4F92359844900DCA59A /* ApiError.swift */,
			);
			path = models;
			sourceTree = "<group>";
		};
		6676B4FD235987B300DCA59A /* Network */ = {
			isa = PBXGroup;
			children = (
				6676B4F52359832F00DCA59A /* HTTPManager.swift */,
			);
			path = Network;
			sourceTree = "<group>";
		};
		6676B4FE235987BB00DCA59A /* Users screen */ = {
			isa = PBXGroup;
			children = (
				6676B4E223597E7C00DCA59A /* UsersViewController.swift */,
				6676B4FB235986DC00DCA59A /* ModelUsersViewController.swift */,
				6676B4FF23598AF000DCA59A /* UserTableViewCell.swift */,
			);
			path = "Users screen";
			sourceTree = "<group>";
		};
		6676B5012359A24B00DCA59A /* User screen */ = {
			isa = PBXGroup;
			children = (
				6676B5022359A28500DCA59A /* UserViewController.swift */,
				6676B5042359A29900DCA59A /* ModelUserViewController.swift */,
			);
			path = "User screen";
			sourceTree = "<group>";
		};
		66EC5ACF2359B233007D251B /* extensions */ = {
			isa = PBXGroup;
			children = (
				66EC5ACD2359B22D007D251B /* Alert.swift */,
			);
			path = extensions;
			sourceTree = "<group>";
		};
		DF6750D00BB77C60810B3910 /* Pods */ = {
			isa = PBXGroup;
			children = (
				C805178D6A36B0A0F2EBCC67 /* Pods-QuestrFrogogo.debug.xcconfig */,
				6A6E5836F3117108F295E097 /* Pods-QuestrFrogogo.release.xcconfig */,
			);
			path = Pods;
			sourceTree = "<group>";
		};
/* End PBXGroup section */

/* Begin PBXNativeTarget section */
		6676B4DA23597E7C00DCA59A /* QuestrFrogogo */ = {
			isa = PBXNativeTarget;
			buildConfigurationList = 6676B4EF23597E7E00DCA59A /* Build configuration list for PBXNativeTarget "QuestrFrogogo" */;
			buildPhases = (
				1424020170511FC2069CC3E4 /* [CP] Check Pods Manifest.lock */,
				6676B4D723597E7C00DCA59A /* Sources */,
				6676B4D823597E7C00DCA59A /* Frameworks */,
				6676B4D923597E7C00DCA59A /* Resources */,
				D50FFEF878275DA1BA98ECEB /* [CP] Embed Pods Frameworks */,
			);
			buildRules = (
			);
			dependencies = (
			);
			name = QuestrFrogogo;
			productName = QuestrFrogogo;
			productReference = 6676B4DB23597E7C00DCA59A /* QuestrFrogogo.app */;
			productType = "com.apple.product-type.application";
		};
/* End PBXNativeTarget section */

/* Begin PBXProject section */
		6676B4D323597E7C00DCA59A /* Project object */ = {
			isa = PBXProject;
			attributes = {
				LastSwiftUpdateCheck = 1100;
				LastUpgradeCheck = 1100;
				ORGANIZATIONNAME = "Евгений Бейнар";
				TargetAttributes = {
					6676B4DA23597E7C00DCA59A = {
						CreatedOnToolsVersion = 11.0;
					};
				};
			};
			buildConfigurationList = 6676B4D623597E7C00DCA59A /* Build configuration list for PBXProject "QuestrFrogogo" */;
			compatibilityVersion = "Xcode 9.3";
			developmentRegion = en;
			hasScannedForEncodings = 0;
			knownRegions = (
				en,
				Base,
			);
			mainGroup = 6676B4D223597E7C00DCA59A;
			productRefGroup = 6676B4DC23597E7C00DCA59A /* Products */;
			projectDirPath = "";
			projectRoot = "";
			targets = (
				6676B4DA23597E7C00DCA59A /* QuestrFrogogo */,
			);
		};
/* End PBXProject section */

/* Begin PBXResourcesBuildPhase section */
		6676B4D923597E7C00DCA59A /* Resources */ = {
			isa = PBXResourcesBuildPhase;
			buildActionMask = 2147483647;
			files = (
				6676B4EB23597E7E00DCA59A /* LaunchScreen.storyboard in Resources */,
				6676B4E823597E7E00DCA59A /* Assets.xcassets in Resources */,
				6676B4E623597E7C00DCA59A /* Main.storyboard in Resources */,
			);
			runOnlyForDeploymentPostprocessing = 0;
		};
/* End PBXResourcesBuildPhase section */

/* Begin PBXShellScriptBuildPhase section */
		1424020170511FC2069CC3E4 /* [CP] Check Pods Manifest.lock */ = {
			isa = PBXShellScriptBuildPhase;
			buildActionMask = 2147483647;
			files = (
			);
			inputFileListPaths = (
			);
			inputPaths = (
				"${PODS_PODFILE_DIR_PATH}/Podfile.lock",
				"${PODS_ROOT}/Manifest.lock",
			);
			name = "[CP] Check Pods Manifest.lock";
			outputFileListPaths = (
			);
			outputPaths = (
				"$(DERIVED_FILE_DIR)/Pods-QuestrFrogogo-checkManifestLockResult.txt",
			);
			runOnlyForDeploymentPostprocessing = 0;
			shellPath = /bin/sh;
			shellScript = "diff \"${PODS_PODFILE_DIR_PATH}/Podfile.lock\" \"${PODS_ROOT}/Manifest.lock\" > /dev/null\nif [ $? != 0 ] ; then\n    # print error to STDERR\n    echo \"error: The sandbox is not in sync with the Podfile.lock. Run 'pod install' or update your CocoaPods installation.\" >&2\n    exit 1\nfi\n# This output is used by Xcode 'outputs' to avoid re-running this script phase.\necho \"SUCCESS\" > \"${SCRIPT_OUTPUT_FILE_0}\"\n";
			showEnvVarsInLog = 0;
		};
		D50FFEF878275DA1BA98ECEB /* [CP] Embed Pods Frameworks */ = {
			isa = PBXShellScriptBuildPhase;
			buildActionMask = 2147483647;
			files = (
			);
			inputFileListPaths = (
				"${PODS_ROOT}/Target Support Files/Pods-QuestrFrogogo/Pods-QuestrFrogogo-frameworks-${CONFIGURATION}-input-files.xcfilelist",
			);
			name = "[CP] Embed Pods Frameworks";
			outputFileListPaths = (
				"${PODS_ROOT}/Target Support Files/Pods-QuestrFrogogo/Pods-QuestrFrogogo-frameworks-${CONFIGURATION}-output-files.xcfilelist",
			);
			runOnlyForDeploymentPostprocessing = 0;
			shellPath = /bin/sh;
			shellScript = "\"${PODS_ROOT}/Target Support Files/Pods-QuestrFrogogo/Pods-QuestrFrogogo-frameworks.sh\"\n";
			showEnvVarsInLog = 0;
		};
/* End PBXShellScriptBuildPhase section */

/* Begin PBXSourcesBuildPhase section */
		6676B4D723597E7C00DCA59A /* Sources */ = {
			isa = PBXSourcesBuildPhase;
			buildActionMask = 2147483647;
			files = (
				6676B4E323597E7C00DCA59A /* UsersViewController.swift in Sources */,
				6676B5032359A28500DCA59A /* UserViewController.swift in Sources */,
				6676B4FC235986DC00DCA59A /* ModelUsersViewController.swift in Sources */,
				6676B50023598AF000DCA59A /* UserTableViewCell.swift in Sources */,
				6676B4DF23597E7C00DCA59A /* AppDelegate.swift in Sources */,
				6676B4F4235982C200DCA59A /* User.swift in Sources */,
				6676B5052359A29900DCA59A /* ModelUserViewController.swift in Sources */,
				6676B4FA2359844900DCA59A /* ApiError.swift in Sources */,
				66EC5ACE2359B22D007D251B /* Alert.swift in Sources */,
				6676B4F62359832F00DCA59A /* HTTPManager.swift in Sources */,
			);
			runOnlyForDeploymentPostprocessing = 0;
		};
/* End PBXSourcesBuildPhase section */

/* Begin PBXVariantGroup section */
		6676B4E423597E7C00DCA59A /* Main.storyboard */ = {
			isa = PBXVariantGroup;
			children = (
				6676B4E523597E7C00DCA59A /* Base */,
			);
			name = Main.storyboard;
			sourceTree = "<group>";
		};
		6676B4E923597E7E00DCA59A /* LaunchScreen.storyboard */ = {
			isa = PBXVariantGroup;
			children = (
				6676B4EA23597E7E00DCA59A /* Base */,
			);
			name = LaunchScreen.storyboard;
			sourceTree = "<group>";
		};
/* End PBXVariantGroup section */

/* Begin XCBuildConfiguration section */
		6676B4ED23597E7E00DCA59A /* Debug */ = {
			isa = XCBuildConfiguration;
			buildSettings = {
				ALWAYS_SEARCH_USER_PATHS = NO;
				CLANG_ANALYZER_NONNULL = YES;
				CLANG_ANALYZER_NUMBER_OBJECT_CONVERSION = YES_AGGRESSIVE;
				CLANG_CXX_LANGUAGE_STANDARD = "gnu++14";
				CLANG_CXX_LIBRARY = "libc++";
				CLANG_ENABLE_MODULES = YES;
				CLANG_ENABLE_OBJC_ARC = YES;
				CLANG_ENABLE_OBJC_WEAK = YES;
				CLANG_WARN_BLOCK_CAPTURE_AUTORELEASING = YES;
				CLANG_WARN_BOOL_CONVERSION = YES;
				CLANG_WARN_COMMA = YES;
				CLANG_WARN_CONSTANT_CONVERSION = YES;
				CLANG_WARN_DEPRECATED_OBJC_IMPLEMENTATIONS = YES;
				CLANG_WARN_DIRECT_OBJC_ISA_USAGE = YES_ERROR;
				CLANG_WARN_DOCUMENTATION_COMMENTS = YES;
				CLANG_WARN_EMPTY_BODY = YES;
				CLANG_WARN_ENUM_CONVERSION = YES;
				CLANG_WARN_INFINITE_RECURSION = YES;
				CLANG_WARN_INT_CONVERSION = YES;
				CLANG_WARN_NON_LITERAL_NULL_CONVERSION = YES;
				CLANG_WARN_OBJC_IMPLICIT_RETAIN_SELF = YES;
				CLANG_WARN_OBJC_LITERAL_CONVERSION = YES;
				CLANG_WARN_OBJC_ROOT_CLASS = YES_ERROR;
				CLANG_WARN_RANGE_LOOP_ANALYSIS = YES;
				CLANG_WARN_STRICT_PROTOTYPES = YES;
				CLANG_WARN_SUSPICIOUS_MOVE = YES;
				CLANG_WARN_UNGUARDED_AVAILABILITY = YES_AGGRESSIVE;
				CLANG_WARN_UNREACHABLE_CODE = YES;
				CLANG_WARN__DUPLICATE_METHOD_MATCH = YES;
				COPY_PHASE_STRIP = NO;
				DEBUG_INFORMATION_FORMAT = dwarf;
				ENABLE_STRICT_OBJC_MSGSEND = YES;
				ENABLE_TESTABILITY = YES;
				GCC_C_LANGUAGE_STANDARD = gnu11;
				GCC_DYNAMIC_NO_PIC = NO;
				GCC_NO_COMMON_BLOCKS = YES;
				GCC_OPTIMIZATION_LEVEL = 0;
				GCC_PREPROCESSOR_DEFINITIONS = (
					"DEBUG=1",
					"$(inherited)",
				);
				GCC_WARN_64_TO_32_BIT_CONVERSION = YES;
				GCC_WARN_ABOUT_RETURN_TYPE = YES_ERROR;
				GCC_WARN_UNDECLARED_SELECTOR = YES;
				GCC_WARN_UNINITIALIZED_AUTOS = YES_AGGRESSIVE;
				GCC_WARN_UNUSED_FUNCTION = YES;
				GCC_WARN_UNUSED_VARIABLE = YES;
				IPHONEOS_DEPLOYMENT_TARGET = 13.0;
				MTL_ENABLE_DEBUG_INFO = INCLUDE_SOURCE;
				MTL_FAST_MATH = YES;
				ONLY_ACTIVE_ARCH = YES;
				SDKROOT = iphoneos;
				SWIFT_ACTIVE_COMPILATION_CONDITIONS = DEBUG;
				SWIFT_OPTIMIZATION_LEVEL = "-Onone";
			};
			name = Debug;
		};
		6676B4EE23597E7E00DCA59A /* Release */ = {
			isa = XCBuildConfiguration;
			buildSettings = {
				ALWAYS_SEARCH_USER_PATHS = NO;
				CLANG_ANALYZER_NONNULL = YES;
				CLANG_ANALYZER_NUMBER_OBJECT_CONVERSION = YES_AGGRESSIVE;
				CLANG_CXX_LANGUAGE_STANDARD = "gnu++14";
				CLANG_CXX_LIBRARY = "libc++";
				CLANG_ENABLE_MODULES = YES;
				CLANG_ENABLE_OBJC_ARC = YES;
				CLANG_ENABLE_OBJC_WEAK = YES;
				CLANG_WARN_BLOCK_CAPTURE_AUTORELEASING = YES;
				CLANG_WARN_BOOL_CONVERSION = YES;
				CLANG_WARN_COMMA = YES;
				CLANG_WARN_CONSTANT_CONVERSION = YES;
				CLANG_WARN_DEPRECATED_OBJC_IMPLEMENTATIONS = YES;
				CLANG_WARN_DIRECT_OBJC_ISA_USAGE = YES_ERROR;
				CLANG_WARN_DOCUMENTATION_COMMENTS = YES;
				CLANG_WARN_EMPTY_BODY = YES;
				CLANG_WARN_ENUM_CONVERSION = YES;
				CLANG_WARN_INFINITE_RECURSION = YES;
				CLANG_WARN_INT_CONVERSION = YES;
				CLANG_WARN_NON_LITERAL_NULL_CONVERSION = YES;
				CLANG_WARN_OBJC_IMPLICIT_RETAIN_SELF = YES;
				CLANG_WARN_OBJC_LITERAL_CONVERSION = YES;
				CLANG_WARN_OBJC_ROOT_CLASS = YES_ERROR;
				CLANG_WARN_RANGE_LOOP_ANALYSIS = YES;
				CLANG_WARN_STRICT_PROTOTYPES = YES;
				CLANG_WARN_SUSPICIOUS_MOVE = YES;
				CLANG_WARN_UNGUARDED_AVAILABILITY = YES_AGGRESSIVE;
				CLANG_WARN_UNREACHABLE_CODE = YES;
				CLANG_WARN__DUPLICATE_METHOD_MATCH = YES;
				COPY_PHASE_STRIP = NO;
				DEBUG_INFORMATION_FORMAT = "dwarf-with-dsym";
				ENABLE_NS_ASSERTIONS = NO;
				ENABLE_STRICT_OBJC_MSGSEND = YES;
				GCC_C_LANGUAGE_STANDARD = gnu11;
				GCC_NO_COMMON_BLOCKS = YES;
				GCC_WARN_64_TO_32_BIT_CONVERSION = YES;
				GCC_WARN_ABOUT_RETURN_TYPE = YES_ERROR;
				GCC_WARN_UNDECLARED_SELECTOR = YES;
				GCC_WARN_UNINITIALIZED_AUTOS = YES_AGGRESSIVE;
				GCC_WARN_UNUSED_FUNCTION = YES;
				GCC_WARN_UNUSED_VARIABLE = YES;
				IPHONEOS_DEPLOYMENT_TARGET = 13.0;
				MTL_ENABLE_DEBUG_INFO = NO;
				MTL_FAST_MATH = YES;
				SDKROOT = iphoneos;
				SWIFT_COMPILATION_MODE = wholemodule;
				SWIFT_OPTIMIZATION_LEVEL = "-O";
				VALIDATE_PRODUCT = YES;
			};
			name = Release;
		};
		6676B4F023597E7E00DCA59A /* Debug */ = {
			isa = XCBuildConfiguration;
			baseConfigurationReference = C805178D6A36B0A0F2EBCC67 /* Pods-QuestrFrogogo.debug.xcconfig */;
			buildSettings = {
				ASSETCATALOG_COMPILER_APPICON_NAME = AppIcon;
				CODE_SIGN_STYLE = Automatic;
				DEVELOPMENT_TEAM = 98V3AN5465;
				INFOPLIST_FILE = QuestrFrogogo/Info.plist;
				LD_RUNPATH_SEARCH_PATHS = (
					"$(inherited)",
					"@executable_path/Frameworks",
				);
				PRODUCT_BUNDLE_IDENTIFIER = com.zuk.QuestrFrogogo;
				PRODUCT_NAME = "$(TARGET_NAME)";
				SWIFT_VERSION = 5.0;
				TARGETED_DEVICE_FAMILY = 1;
			};
			name = Debug;
		};
		6676B4F123597E7E00DCA59A /* Release */ = {
			isa = XCBuildConfiguration;
			baseConfigurationReference = 6A6E5836F3117108F295E097 /* Pods-QuestrFrogogo.release.xcconfig */;
			buildSettings = {
				ASSETCATALOG_COMPILER_APPICON_NAME = AppIcon;
				CODE_SIGN_STYLE = Automatic;
				DEVELOPMENT_TEAM = 98V3AN5465;
				INFOPLIST_FILE = QuestrFrogogo/Info.plist;
				LD_RUNPATH_SEARCH_PATHS = (
					"$(inherited)",
					"@executable_path/Frameworks",
				);
				PRODUCT_BUNDLE_IDENTIFIER = com.zuk.QuestrFrogogo;
				PRODUCT_NAME = "$(TARGET_NAME)";
				SWIFT_VERSION = 5.0;
				TARGETED_DEVICE_FAMILY = 1;
			};
			name = Release;
		};
/* End XCBuildConfiguration section */

/* Begin XCConfigurationList section */
		6676B4D623597E7C00DCA59A /* Build configuration list for PBXProject "QuestrFrogogo" */ = {
			isa = XCConfigurationList;
			buildConfigurations = (
				6676B4ED23597E7E00DCA59A /* Debug */,
				6676B4EE23597E7E00DCA59A /* Release */,
			);
			defaultConfigurationIsVisible = 0;
			defaultConfigurationName = Release;
		};
		6676B4EF23597E7E00DCA59A /* Build configuration list for PBXNativeTarget "QuestrFrogogo" */ = {
			isa = XCConfigurationList;
			buildConfigurations = (
				6676B4F023597E7E00DCA59A /* Debug */,
				6676B4F123597E7E00DCA59A /* Release */,
			);
			defaultConfigurationIsVisible = 0;
			defaultConfigurationName = Release;
		};
/* End XCConfigurationList section */
	};
	rootObject = 6676B4D323597E7C00DCA59A /* Project object */;
}
